
Microsoft Visual Studio Solution File, Format Version 12.00
# Visual Studio Version 16
VisualStudioVersion = 16.0.29403.142
MinimumVisualStudioVersion = 10.0.40219.1
Project("{FAE04EC0-301F-11D3-BF4B-00C04F79EFBC}") = "HataCom", "HataCom\HataCom.csproj", "{EF03A6A9-0BE4-41A9-B831-DC265FA2F1BC}"
EndProject
Project("{FAE04EC0-301F-11D3-BF4B-00C04F79EFBC}") = "BusinessLogic", "BusinessLogic\BusinessLogic.csproj", "{FDDC27C2-0450-4411-85CE-FFEDEC2548B3}"
EndProject
Project("{2150E333-8FDC-42A3-9474-1A3956D46DE8}") = "Solution Items", "Solution Items", "{8A5122E6-A5AC-4BCC-94F7-A1298C693247}"
	ProjectSection(SolutionItems) = preProject
		ReadMe.txt = ReadMe.txt
	EndProjectSection
EndProject
Global
	GlobalSection(SolutionConfigurationPlatforms) = preSolution
		Debug|Any CPU = Debug|Any CPU
		Release|Any CPU = Release|Any CPU
	EndGlobalSection
	GlobalSection(ProjectConfigurationPlatforms) = postSolution
		{EF03A6A9-0BE4-41A9-B831-DC265FA2F1BC}.Debug|Any CPU.ActiveCfg = Debug|Any CPU
		{EF03A6A9-0BE4-41A9-B831-DC265FA2F1BC}.Debug|Any CPU.Build.0 = Debug|Any CPU
		{EF03A6A9-0BE4-41A9-B831-DC265FA2F1BC}.Release|Any CPU.ActiveCfg = Release|Any CPU
		{EF03A6A9-0BE4-41A9-B831-DC265FA2F1BC}.Release|Any CPU.Build.0 = Release|Any CPU
		{FDDC27C2-0450-4411-85CE-FFEDEC2548B3}.Debug|Any CPU.ActiveCfg = Debug|Any CPU
		{FDDC27C2-0450-4411-85CE-FFEDEC2548B3}.Debug|Any CPU.Build.0 = Debug|Any CPU
		{FDDC27C2-0450-4411-85CE-FFEDEC2548B3}.Release|Any CPU.ActiveCfg = Release|Any CPU
		{FDDC27C2-0450-4411-85CE-FFEDEC2548B3}.Release|Any CPU.Build.0 = Release|Any CPU
	EndGlobalSection
	GlobalSection(SolutionProperties) = preSolution
		HideSolutionNode = FALSE
	EndGlobalSection
	GlobalSection(ExtensibilityGlobals) = postSolution
		SolutionGuid = {EBA2DCA0-D65A-48D7-B186-57DC402E23B2}
	EndGlobalSection
EndGlobal
